
Microsoft Visual Studio Solution File, Format Version 12.00
# Visual Studio Version 17
VisualStudioVersion = 17.6.33829.357
MinimumVisualStudioVersion = 10.0.40219.1
Project("{FAE04EC0-301F-11D3-BF4B-00C04F79EFBC}") = "oop-final-project", "oop-final-project\oop-final-project.csproj", "{754B3FC8-E988-46E7-98DB-0CA678F1B1DF}"
EndProject
Global
	GlobalSection(SolutionConfigurationPlatforms) = preSolution
		Debug|Any CPU = Debug|Any CPU
		Release|Any CPU = Release|Any CPU
	EndGlobalSection
	GlobalSection(ProjectConfigurationPlatforms) = postSolution
		{754B3FC8-E988-46E7-98DB-0CA678F1B1DF}.Debug|Any CPU.ActiveCfg = Debug|Any CPU
		{754B3FC8-E988-46E7-98DB-0CA678F1B1DF}.Debug|Any CPU.Build.0 = Debug|Any CPU
		{754B3FC8-E988-46E7-98DB-0CA678F1B1DF}.Release|Any CPU.ActiveCfg = Release|Any CPU
		{754B3FC8-E988-46E7-98DB-0CA678F1B1DF}.Release|Any CPU.Build.0 = Release|Any CPU
	EndGlobalSection
	GlobalSection(SolutionProperties) = preSolution
		HideSolutionNode = FALSE
	EndGlobalSection
	GlobalSection(ExtensibilityGlobals) = postSolution
		SolutionGuid = {90802CA0-5470-43C9-AE82-E76DD3873510}
	EndGlobalSection
EndGlobal
